
Microsoft Visual Studio Solution File, Format Version 12.00
# Visual Studio Version 17
VisualStudioVersion = 17.4.33110.190
MinimumVisualStudioVersion = 10.0.40219.1
Project("{F184B08F-C81C-45F6-A57F-5ABD9991F28F}") = "MessageBox Test", "MessageBox Test\MessageBox Test.vbproj", "{202C6F6E-4BDB-45DB-8F1E-CA06BC39B7AD}"
EndProject
Global
	GlobalSection(SolutionConfigurationPlatforms) = preSolution
		Debug|Any CPU = Debug|Any CPU
		Release|Any CPU = Release|Any CPU
	EndGlobalSection
	GlobalSection(ProjectConfigurationPlatforms) = postSolution
		{202C6F6E-4BDB-45DB-8F1E-CA06BC39B7AD}.Debug|Any CPU.ActiveCfg = Debug|Any CPU
		{202C6F6E-4BDB-45DB-8F1E-CA06BC39B7AD}.Debug|Any CPU.Build.0 = Debug|Any CPU
		{202C6F6E-4BDB-45DB-8F1E-CA06BC39B7AD}.Release|Any CPU.ActiveCfg = Release|Any CPU
		{202C6F6E-4BDB-45DB-8F1E-CA06BC39B7AD}.Release|Any CPU.Build.0 = Release|Any CPU
	EndGlobalSection
	GlobalSection(SolutionProperties) = preSolution
		HideSolutionNode = FALSE
	EndGlobalSection
	GlobalSection(ExtensibilityGlobals) = postSolution
		SolutionGuid = {6968DE78-BE41-49AC-8458-3ECF5E63684D}
	EndGlobalSection
EndGlobal
